
Microsoft Visual Studio Solution File, Format Version 12.00
# Visual Studio Version 16
VisualStudioVersion = 16.0.32428.217
MinimumVisualStudioVersion = 10.0.40219.1
Project("{9A19103F-16F7-4668-BE54-9A1E7A4F7556}") = "Simbora04", "Simbora04.csproj", "{1F2CE0A1-BED0-48B5-95BE-B36441347AF0}"
EndProject
Global
	GlobalSection(SolutionConfigurationPlatforms) = preSolution
		Debug|Any CPU = Debug|Any CPU
		Release|Any CPU = Release|Any CPU
	EndGlobalSection
	GlobalSection(ProjectConfigurationPlatforms) = postSolution
		{1F2CE0A1-BED0-48B5-95BE-B36441347AF0}.Debug|Any CPU.ActiveCfg = Debug|Any CPU
		{1F2CE0A1-BED0-48B5-95BE-B36441347AF0}.Debug|Any CPU.Build.0 = Debug|Any CPU
		{1F2CE0A1-BED0-48B5-95BE-B36441347AF0}.Release|Any CPU.ActiveCfg = Release|Any CPU
		{1F2CE0A1-BED0-48B5-95BE-B36441347AF0}.Release|Any CPU.Build.0 = Release|Any CPU
	EndGlobalSection
	GlobalSection(SolutionProperties) = preSolution
		HideSolutionNode = FALSE
	EndGlobalSection
	GlobalSection(ExtensibilityGlobals) = postSolution
		SolutionGuid = {6B912F95-3377-4CB0-96A9-0A25E27DD9BB}
	EndGlobalSection
EndGlobal
